
Microsoft Visual Studio Solution File, Format Version 12.00
# Visual Studio Express 2012 for Web
Project("{FAE04EC0-301F-11D3-BF4B-00C04F79EFBC}") = "Garage", "Garage\Garage.csproj", "{97684516-7847-44C0-B483-332396F64AA1}"
EndProject
Project("{FAE04EC0-301F-11D3-BF4B-00C04F79EFBC}") = "Garage.Tests", "Garage.Tests\Garage.Tests.csproj", "{1703F8CA-7366-4712-AA7E-A1904159931D}"
EndProject
Global
	GlobalSection(SolutionConfigurationPlatforms) = preSolution
		Debug|Any CPU = Debug|Any CPU
		Release|Any CPU = Release|Any CPU
	EndGlobalSection
	GlobalSection(ProjectConfigurationPlatforms) = postSolution
		{97684516-7847-44C0-B483-332396F64AA1}.Debug|Any CPU.ActiveCfg = Debug|Any CPU
		{97684516-7847-44C0-B483-332396F64AA1}.Debug|Any CPU.Build.0 = Debug|Any CPU
		{97684516-7847-44C0-B483-332396F64AA1}.Release|Any CPU.ActiveCfg = Release|Any CPU
		{97684516-7847-44C0-B483-332396F64AA1}.Release|Any CPU.Build.0 = Release|Any CPU
		{1703F8CA-7366-4712-AA7E-A1904159931D}.Debug|Any CPU.ActiveCfg = Debug|Any CPU
		{1703F8CA-7366-4712-AA7E-A1904159931D}.Debug|Any CPU.Build.0 = Debug|Any CPU
		{1703F8CA-7366-4712-AA7E-A1904159931D}.Release|Any CPU.ActiveCfg = Release|Any CPU
		{1703F8CA-7366-4712-AA7E-A1904159931D}.Release|Any CPU.Build.0 = Release|Any CPU
	EndGlobalSection
	GlobalSection(SolutionProperties) = preSolution
		HideSolutionNode = FALSE
	EndGlobalSection
EndGlobal
